
Microsoft Visual Studio Solution File, Format Version 12.00
# Visual Studio Version 17
VisualStudioVersion = 17.5.002.0
MinimumVisualStudioVersion = 10.0.40219.1
Project("{9A19103F-16F7-4668-BE54-9A1E7A4F7556}") = "CadeRBackendSayHello", "CadeRBackendSayHello.csproj", "{C86389EF-920E-4BD1-AAA1-50E6D62952E1}"
EndProject
Global
	GlobalSection(SolutionConfigurationPlatforms) = preSolution
		Debug|Any CPU = Debug|Any CPU
		Release|Any CPU = Release|Any CPU
	EndGlobalSection
	GlobalSection(ProjectConfigurationPlatforms) = postSolution
		{C86389EF-920E-4BD1-AAA1-50E6D62952E1}.Debug|Any CPU.ActiveCfg = Debug|Any CPU
		{C86389EF-920E-4BD1-AAA1-50E6D62952E1}.Debug|Any CPU.Build.0 = Debug|Any CPU
		{C86389EF-920E-4BD1-AAA1-50E6D62952E1}.Release|Any CPU.ActiveCfg = Release|Any CPU
		{C86389EF-920E-4BD1-AAA1-50E6D62952E1}.Release|Any CPU.Build.0 = Release|Any CPU
	EndGlobalSection
	GlobalSection(SolutionProperties) = preSolution
		HideSolutionNode = FALSE
	EndGlobalSection
	GlobalSection(ExtensibilityGlobals) = postSolution
		SolutionGuid = {A3932185-1BDE-416D-9DAD-E1C2FB2CE1E1}
	EndGlobalSection
EndGlobal
